// !$*UTF8*$!
{
	archiveVersion = 1;
	classes = {
	};
	objectVersion = 46;
	objects = {

/* Begin PBXBuildFile section */
		388C7CF81B61E82D00875F70 /* main.m in Sources */ = {isa = PBXBuildFile; fileRef = 388C7CF71B61E82D00875F70 /* main.m */; };
		388C7CFB1B61E82D00875F70 /* AppDelegate.m in Sources */ = {isa = PBXBuildFile; fileRef = 388C7CFA1B61E82D00875F70 /* AppDelegate.m */; };
		388C7CFE1B61E82D00875F70 /* ViewController.m in Sources */ = {isa = PBXBuildFile; fileRef = 388C7CFD1B61E82D00875F70 /* ViewController.m */; };
		388C7D011B61E82D00875F70 /* Main.storyboard in Resources */ = {isa = PBXBuildFile; fileRef = 388C7CFF1B61E82D00875F70 /* Main.storyboard */; };
		388C7D031B61E82D00875F70 /* Images.xcassets in Resources */ = {isa = PBXBuildFile; fileRef = 388C7D021B61E82D00875F70 /* Images.xcassets */; };
		388C7D061B61E82D00875F70 /* LaunchScreen.xib in Resources */ = {isa = PBXBuildFile; fileRef = 388C7D041B61E82D00875F70 /* LaunchScreen.xib */; };
		388C7D121B61E82D00875F70 /* UIAlertControllerTests.m in Sources */ = {isa = PBXBuildFile; fileRef = 388C7D111B61E82D00875F70 /* UIAlertControllerTests.m */; };
/* End PBXBuildFile section */

/* Begin PBXContainerItemProxy section */
		388C7D0C1B61E82D00875F70 /* PBXContainerItemProxy */ = {
			isa = PBXContainerItemProxy;
			containerPortal = 388C7CEA1B61E82D00875F70 /* Project object */;
			proxyType = 1;
			remoteGlobalIDString = 388C7CF11B61E82D00875F70;
			remoteInfo = UIAlertController;
		};
/* End PBXContainerItemProxy section */

/* Begin PBXFileReference section */
		388C7CF21B61E82D00875F70 /* UIAlertController.app */ = {isa = PBXFileReference; explicitFileType = wrapper.application; includeInIndex = 0; path = UIAlertController.app; sourceTree = BUILT_PRODUCTS_DIR; };
		388C7CF61B61E82D00875F70 /* Info.plist */ = {isa = PBXFileReference; lastKnownFileType = text.plist.xml; path = Info.plist; sourceTree = "<group>"; };
		388C7CF71B61E82D00875F70 /* main.m */ = {isa = PBXFileReference; lastKnownFileType = sourcecode.c.objc; path = main.m; sourceTree = "<group>"; };
		388C7CF91B61E82D00875F70 /* AppDelegate.h */ = {isa = PBXFileReference; lastKnownFileType = sourcecode.c.h; path = AppDelegate.h; sourceTree = "<group>"; };
		388C7CFA1B61E82D00875F70 /* AppDelegate.m */ = {isa = PBXFileReference; lastKnownFileType = sourcecode.c.objc; path = AppDelegate.m; sourceTree = "<group>"; };
		388C7CFC1B61E82D00875F70 /* ViewController.h */ = {isa = PBXFileReference; lastKnownFileType = sourcecode.c.h; path = ViewController.h; sourceTree = "<group>"; };
		388C7CFD1B61E82D00875F70 /* ViewController.m */ = {isa = PBXFileReference; lastKnownFileType = sourcecode.c.objc; path = ViewController.m; sourceTree = "<group>"; };
		388C7D001B61E82D00875F70 /* Base */ = {isa = PBXFileReference; lastKnownFileType = file.storyboard; name = Base; path = Base.lproj/Main.storyboard; sourceTree = "<group>"; };
		388C7D021B61E82D00875F70 /* Images.xcassets */ = {isa = PBXFileReference; lastKnownFileType = folder.assetcatalog; path = Images.xcassets; sourceTree = "<group>"; };
		388C7D051B61E82D00875F70 /* Base */ = {isa = PBXFileReference; lastKnownFileType = file.xib; name = Base; path = Base.lproj/LaunchScreen.xib; sourceTree = "<group>"; };
		388C7D0B1B61E82D00875F70 /* UIAlertControllerTests.xctest */ = {isa = PBXFileReference; explicitFileType = wrapper.cfbundle; includeInIndex = 0; path = UIAlertControllerTests.xctest; sourceTree = BUILT_PRODUCTS_DIR; };
		388C7D101B61E82D00875F70 /* Info.plist */ = {isa = PBXFileReference; lastKnownFileType = text.plist.xml; path = Info.plist; sourceTree = "<group>"; };
		388C7D111B61E82D00875F70 /* UIAlertControllerTests.m */ = {isa = PBXFileReference; lastKnownFileType = sourcecode.c.objc; path = UIAlertControllerTests.m; sourceTree = "<group>"; };
/* End PBXFileReference section */

/* Begin PBXFrameworksBuildPhase section */
		388C7CEF1B61E82D00875F70 /* Frameworks */ = {
			isa = PBXFrameworksBuildPhase;
			buildActionMask = 2147483647;
			files = (
			);
			runOnlyForDeploymentPostprocessing = 0;
		};
		388C7D081B61E82D00875F70 /* Frameworks */ = {
			isa = PBXFrameworksBuildPhase;
			buildActionMask = 2147483647;
			files = (
			);
			runOnlyForDeploymentPostprocessing = 0;
		};
/* End PBXFrameworksBuildPhase section */

/* Begin PBXGroup section */
		388C7CE91B61E82D00875F70 = {
			isa = PBXGroup;
			children = (
				388C7CF41B61E82D00875F70 /* UIAlertController */,
				388C7D0E1B61E82D00875F70 /* UIAlertControllerTests */,
				388C7CF31B61E82D00875F70 /* Products */,
			);
			sourceTree = "<group>";
		};
		388C7CF31B61E82D00875F70 /* Products */ = {
			isa = PBXGroup;
			children = (
				388C7CF21B61E82D00875F70 /* UIAlertController.app */,
				388C7D0B1B61E82D00875F70 /* UIAlertControllerTests.xctest */,
			);
			name = Products;
			sourceTree = "<group>";
		};
		388C7CF41B61E82D00875F70 /* UIAlertController */ = {
			isa = PBXGroup;
			children = (
				388C7CF91B61E82D00875F70 /* AppDelegate.h */,
				388C7CFA1B61E82D00875F70 /* AppDelegate.m */,
				388C7CFC1B61E82D00875F70 /* ViewController.h */,
				388C7CFD1B61E82D00875F70 /* ViewController.m */,
				388C7CFF1B61E82D00875F70 /* Main.storyboard */,
				388C7D021B61E82D00875F70 /* Images.xcassets */,
				388C7D041B61E82D00875F70 /* LaunchScreen.xib */,
				388C7CF51B61E82D00875F70 /* Supporting Files */,
			);
			path = UIAlertController;
			sourceTree = "<group>";
		};
		388C7CF51B61E82D00875F70 /* Supporting Files */ = {
			isa = PBXGroup;
			children = (
				388C7CF61B61E82D00875F70 /* Info.plist */,
				388C7CF71B61E82D00875F70 /* main.m */,
			);
			name = "Supporting Files";
			sourceTree = "<group>";
		};
		388C7D0E1B61E82D00875F70 /* UIAlertControllerTests */ = {
			isa = PBXGroup;
			children = (
				388C7D111B61E82D00875F70 /* UIAlertControllerTests.m */,
				388C7D0F1B61E82D00875F70 /* Supporting Files */,
			);
			path = UIAlertControllerTests;
			sourceTree = "<group>";
		};
		388C7D0F1B61E82D00875F70 /* Supporting Files */ = {
			isa = PBXGroup;
			children = (
				388C7D101B61E82D00875F70 /* Info.plist */,
			);
			name = "Supporting Files";
			sourceTree = "<group>";
		};
/* End PBXGroup section */

/* Begin PBXNativeTarget section */
		388C7CF11B61E82D00875F70 /* UIAlertController */ = {
			isa = PBXNativeTarget;
			buildConfigurationList = 388C7D151B61E82D00875F70 /* Build configuration list for PBXNativeTarget "UIAlertController" */;
			buildPhases = (
				388C7CEE1B61E82D00875F70 /* Sources */,
				388C7CEF1B61E82D00875F70 /* Frameworks */,
				388C7CF01B61E82D00875F70 /* Resources */,
			);
			buildRules = (
			);
			dependencies = (
			);
			name = UIAlertController;
			productName = UIAlertController;
			productReference = 388C7CF21B61E82D00875F70 /* UIAlertController.app */;
			productType = "com.apple.product-type.application";
		};
		388C7D0A1B61E82D00875F70 /* UIAlertControllerTests */ = {
			isa = PBXNativeTarget;
			buildConfigurationList = 388C7D181B61E82D00875F70 /* Build configuration list for PBXNativeTarget "UIAlertControllerTests" */;
			buildPhases = (
				388C7D071B61E82D00875F70 /* Sources */,
				388C7D081B61E82D00875F70 /* Frameworks */,
				388C7D091B61E82D00875F70 /* Resources */,
			);
			buildRules = (
			);
			dependencies = (
				388C7D0D1B61E82D00875F70 /* PBXTargetDependency */,
			);
			name = UIAlertControllerTests;
			productName = UIAlertControllerTests;
			productReference = 388C7D0B1B61E82D00875F70 /* UIAlertControllerTests.xctest */;
			productType = "com.apple.product-type.bundle.unit-test";
		};
/* End PBXNativeTarget section */

/* Begin PBXProject section */
		388C7CEA1B61E82D00875F70 /* Project object */ = {
			isa = PBXProject;
			attributes = {
				LastUpgradeCheck = 0640;
				ORGANIZATIONNAME = "黄少华";
				TargetAttributes = {
					388C7CF11B61E82D00875F70 = {
						CreatedOnToolsVersion = 6.4;
					};
					388C7D0A1B61E82D00875F70 = {
						CreatedOnToolsVersion = 6.4;
						TestTargetID = 388C7CF11B61E82D00875F70;
					};
				};
			};
			buildConfigurationList = 388C7CED1B61E82D00875F70 /* Build configuration list for PBXProject "UIAlertController" */;
			compatibilityVersion = "Xcode 3.2";
			developmentRegion = English;
			hasScannedForEncodings = 0;
			knownRegions = (
				en,
				Base,
			);
			mainGroup = 388C7CE91B61E82D00875F70;
			productRefGroup = 388C7CF31B61E82D00875F70 /* Products */;
			projectDirPath = "";
			projectRoot = "";
			targets = (
				388C7CF11B61E82D00875F70 /* UIAlertController */,
				388C7D0A1B61E82D00875F70 /* UIAlertControllerTests */,
			);
		};
/* End PBXProject section */

/* Begin PBXResourcesBuildPhase section */
		388C7CF01B61E82D00875F70 /* Resources */ = {
			isa = PBXResourcesBuildPhase;
			buildActionMask = 2147483647;
			files = (
				388C7D011B61E82D00875F70 /* Main.storyboard in Resources */,
				388C7D061B61E82D00875F70 /* LaunchScreen.xib in Resources */,
				388C7D031B61E82D00875F70 /* Images.xcassets in Resources */,
			);
			runOnlyForDeploymentPostprocessing = 0;
		};
		388C7D091B61E82D00875F70 /* Resources */ = {
			isa = PBXResourcesBuildPhase;
			buildActionMask = 2147483647;
			files = (
			);
			runOnlyForDeploymentPostprocessing = 0;
		};
/* End PBXResourcesBuildPhase section */

/* Begin PBXSourcesBuildPhase section */
		388C7CEE1B61E82D00875F70 /* Sources */ = {
			isa = PBXSourcesBuildPhase;
			buildActionMask = 2147483647;
			files = (
				388C7CFE1B61E82D00875F70 /* ViewController.m in Sources */,
				388C7CFB1B61E82D00875F70 /* AppDelegate.m in Sources */,
				388C7CF81B61E82D00875F70 /* main.m in Sources */,
			);
			runOnlyForDeploymentPostprocessing = 0;
		};
		388C7D071B61E82D00875F70 /* Sources */ = {
			isa = PBXSourcesBuildPhase;
			buildActionMask = 2147483647;
			files = (
				388C7D121B61E82D00875F70 /* UIAlertControllerTests.m in Sources */,
			);
			runOnlyForDeploymentPostprocessing = 0;
		};
/* End PBXSourcesBuildPhase section */

/* Begin PBXTargetDependency section */
		388C7D0D1B61E82D00875F70 /* PBXTargetDependency */ = {
			isa = PBXTargetDependency;
			target = 388C7CF11B61E82D00875F70 /* UIAlertController */;
			targetProxy = 388C7D0C1B61E82D00875F70 /* PBXContainerItemProxy */;
		};
/* End PBXTargetDependency section */

/* Begin PBXVariantGroup section */
		388C7CFF1B61E82D00875F70 /* Main.storyboard */ = {
			isa = PBXVariantGroup;
			children = (
				388C7D001B61E82D00875F70 /* Base */,
			);
			name = Main.storyboard;
			sourceTree = "<group>";
		};
		388C7D041B61E82D00875F70 /* LaunchScreen.xib */ = {
			isa = PBXVariantGroup;
			children = (
				388C7D051B61E82D00875F70 /* Base */,
			);
			name = LaunchScreen.xib;
			sourceTree = "<group>";
		};
/* End PBXVariantGroup section */

/* Begin XCBuildConfiguration section */
		388C7D131B61E82D00875F70 /* Debug */ = {
			isa = XCBuildConfiguration;
			buildSettings = {
				ALWAYS_SEARCH_USER_PATHS = NO;
				CLANG_CXX_LANGUAGE_STANDARD = "gnu++0x";
				CLANG_CXX_LIBRARY = "libc++";
				CLANG_ENABLE_MODULES = YES;
				CLANG_ENABLE_OBJC_ARC = YES;
				CLANG_WARN_BOOL_CONVERSION = YES;
				CLANG_WARN_CONSTANT_CONVERSION = YES;
				CLANG_WARN_DIRECT_OBJC_ISA_USAGE = YES_ERROR;
				CLANG_WARN_EMPTY_BODY = YES;
				CLANG_WARN_ENUM_CONVERSION = YES;
				CLANG_WARN_INT_CONVERSION = YES;
				CLANG_WARN_OBJC_ROOT_CLASS = YES_ERROR;
				CLANG_WARN_UNREACHABLE_CODE = YES;
				CLANG_WARN__DUPLICATE_METHOD_MATCH = YES;
				"CODE_SIGN_IDENTITY[sdk=iphoneos*]" = "iPhone Developer";
				COPY_PHASE_STRIP = NO;
				DEBUG_INFORMATION_FORMAT = "dwarf-with-dsym";
				ENABLE_STRICT_OBJC_MSGSEND = YES;
				GCC_C_LANGUAGE_STANDARD = gnu99;
				GCC_DYNAMIC_NO_PIC = NO;
				GCC_NO_COMMON_BLOCKS = YES;
				GCC_OPTIMIZATION_LEVEL = 0;
				GCC_PREPROCESSOR_DEFINITIONS = (
					"DEBUG=1",
					"$(inherited)",
				);
				GCC_SYMBOLS_PRIVATE_EXTERN = NO;
				GCC_WARN_64_TO_32_BIT_CONVERSION = YES;
				GCC_WARN_ABOUT_RETURN_TYPE = YES_ERROR;
				GCC_WARN_UNDECLARED_SELECTOR = YES;
				GCC_WARN_UNINITIALIZED_AUTOS = YES_AGGRESSIVE;
				GCC_WARN_UNUSED_FUNCTION = YES;
				GCC_WARN_UNUSED_VARIABLE = YES;
				IPHONEOS_DEPLOYMENT_TARGET = 8.4;
				MTL_ENABLE_DEBUG_INFO = YES;
				ONLY_ACTIVE_ARCH = YES;
				SDKROOT = iphoneos;
				TARGETED_DEVICE_FAMILY = "1,2";
			};
			name = Debug;
		};
		388C7D141B61E82D00875F70 /* Release */ = {
			isa = XCBuildConfiguration;
			buildSettings = {
				ALWAYS_SEARCH_USER_PATHS = NO;
				CLANG_CXX_LANGUAGE_STANDARD = "gnu++0x";
				CLANG_CXX_LIBRARY = "libc++";
				CLANG_ENABLE_MODULES = YES;
				CLANG_ENABLE_OBJC_ARC = YES;
				CLANG_WARN_BOOL_CONVERSION = YES;
				CLANG_WARN_CONSTANT_CONVERSION = YES;
				CLANG_WARN_DIRECT_OBJC_ISA_USAGE = YES_ERROR;
				CLANG_WARN_EMPTY_BODY = YES;
				CLANG_WARN_ENUM_CONVERSION = YES;
				CLANG_WARN_INT_CONVERSION = YES;
				CLANG_WARN_OBJC_ROOT_CLASS = YES_ERROR;
				CLANG_WARN_UNREACHABLE_CODE = YES;
				CLANG_WARN__DUPLICATE_METHOD_MATCH = YES;
				"CODE_SIGN_IDENTITY[sdk=iphoneos*]" = "iPhone Developer";
				COPY_PHASE_STRIP = NO;
				DEBUG_INFORMATION_FORMAT = "dwarf-with-dsym";
				ENABLE_NS_ASSERTIONS = NO;
				ENABLE_STRICT_OBJC_MSGSEND = YES;
				GCC_C_LANGUAGE_STANDARD = gnu99;
				GCC_NO_COMMON_BLOCKS = YES;
				GCC_WARN_64_TO_32_BIT_CONVERSION = YES;
				GCC_WARN_ABOUT_RETURN_TYPE = YES_ERROR;
				GCC_WARN_UNDECLARED_SELECTOR = YES;
				GCC_WARN_UNINITIALIZED_AUTOS = YES_AGGRESSIVE;
				GCC_WARN_UNUSED_FUNCTION = YES;
				GCC_WARN_UNUSED_VARIABLE = YES;
				IPHONEOS_DEPLOYMENT_TARGET = 8.4;
				MTL_ENABLE_DEBUG_INFO = NO;
				SDKROOT = iphoneos;
				TARGETED_DEVICE_FAMILY = "1,2";
				VALIDATE_PRODUCT = YES;
			};
			name = Release;
		};
		388C7D161B61E82D00875F70 /* Debug */ = {
			isa = XCBuildConfiguration;
			buildSettings = {
				ASSETCATALOG_COMPILER_APPICON_NAME = AppIcon;
				INFOPLIST_FILE = UIAlertController/Info.plist;
				LD_RUNPATH_SEARCH_PATHS = "$(inherited) @executable_path/Frameworks";
				PRODUCT_NAME = "$(TARGET_NAME)";
			};
			name = Debug;
		};
		388C7D171B61E82D00875F70 /* Release */ = {
			isa = XCBuildConfiguration;
			buildSettings = {
				ASSETCATALOG_COMPILER_APPICON_NAME = AppIcon;
				INFOPLIST_FILE = UIAlertController/Info.plist;
				LD_RUNPATH_SEARCH_PATHS = "$(inherited) @executable_path/Frameworks";
				PRODUCT_NAME = "$(TARGET_NAME)";
			};
			name = Release;
		};
		388C7D191B61E82D00875F70 /* Debug */ = {
			isa = XCBuildConfiguration;
			buildSettings = {
				BUNDLE_LOADER = "$(TEST_HOST)";
				FRAMEWORK_SEARCH_PATHS = (
					"$(SDKROOT)/Developer/Library/Frameworks",
					"$(inherited)",
				);
				GCC_PREPROCESSOR_DEFINITIONS = (
					"DEBUG=1",
					"$(inherited)",
				);
				INFOPLIST_FILE = UIAlertControllerTests/Info.plist;
				LD_RUNPATH_SEARCH_PATHS = "$(inherited) @executable_path/Frameworks @loader_path/Frameworks";
				PRODUCT_NAME = "$(TARGET_NAME)";
				TEST_HOST = "$(BUILT_PRODUCTS_DIR)/UIAlertController.app/UIAlertController";
			};
			name = Debug;
		};
		388C7D1A1B61E82D00875F70 /* Release */ = {
			isa = XCBuildConfiguration;
			buildSettings = {
				BUNDLE_LOADER = "$(TEST_HOST)";
				FRAMEWORK_SEARCH_PATHS = (
					"$(SDKROOT)/Developer/Library/Frameworks",
					"$(inherited)",
				);
				INFOPLIST_FILE = UIAlertControllerTests/Info.plist;
				LD_RUNPATH_SEARCH_PATHS = "$(inherited) @executable_path/Frameworks @loader_path/Frameworks";
				PRODUCT_NAME = "$(TARGET_NAME)";
				TEST_HOST = "$(BUILT_PRODUCTS_DIR)/UIAlertController.app/UIAlertController";
			};
			name = Release;
		};
/* End XCBuildConfiguration section */

/* Begin XCConfigurationList section */
		388C7CED1B61E82D00875F70 /* Build configuration list for PBXProject "UIAlertController" */ = {
			isa = XCConfigurationList;
			buildConfigurations = (
				388C7D131B61E82D00875F70 /* Debug */,
				388C7D141B61E82D00875F70 /* Release */,
			);
			defaultConfigurationIsVisible = 0;
			defaultConfigurationName = Release;
		};
		388C7D151B61E82D00875F70 /* Build configuration list for PBXNativeTarget "UIAlertController" */ = {
			isa = XCConfigurationList;
			buildConfigurations = (
				388C7D161B61E82D00875F70 /* Debug */,
				388C7D171B61E82D00875F70 /* Release */,
			);
			defaultConfigurationIsVisible = 0;
		};
		388C7D181B61E82D00875F70 /* Build configuration list for PBXNativeTarget "UIAlertControllerTests" */ = {
			isa = XCConfigurationList;
			buildConfigurations = (
				388C7D191B61E82D00875F70 /* Debug */,
				388C7D1A1B61E82D00875F70 /* Release */,
			);
			defaultConfigurationIsVisible = 0;
		};
/* End XCConfigurationList section */
	};
	rootObject = 388C7CEA1B61E82D00875F70 /* Project object */;
}
